
Microsoft Visual Studio Solution File, Format Version 12.00
# Visual Studio Version 17
VisualStudioVersion = 17.8.34316.72
MinimumVisualStudioVersion = 10.0.40219.1
Project("{FAE04EC0-301F-11D3-BF4B-00C04F79EFBC}") = "ExpensesVisualizer", "ExpensesVisualizer.csproj", "{ECAFF30B-7FA2-4130-8879-43479F436681}"
EndProject
Global
	GlobalSection(SolutionConfigurationPlatforms) = preSolution
		Debug|Any CPU = Debug|Any CPU
		Release|Any CPU = Release|Any CPU
	EndGlobalSection
	GlobalSection(ProjectConfigurationPlatforms) = postSolution
		{ECAFF30B-7FA2-4130-8879-43479F436681}.Debug|Any CPU.ActiveCfg = Debug|Any CPU
		{ECAFF30B-7FA2-4130-8879-43479F436681}.Debug|Any CPU.Build.0 = Debug|Any CPU
		{ECAFF30B-7FA2-4130-8879-43479F436681}.Release|Any CPU.ActiveCfg = Release|Any CPU
		{ECAFF30B-7FA2-4130-8879-43479F436681}.Release|Any CPU.Build.0 = Release|Any CPU
	EndGlobalSection
	GlobalSection(SolutionProperties) = preSolution
		HideSolutionNode = FALSE
	EndGlobalSection
	GlobalSection(ExtensibilityGlobals) = postSolution
		SolutionGuid = {9D5855A8-2421-4943-89FC-E36DF98E8C71}
	EndGlobalSection
EndGlobal
